// !$*UTF8*$!
{
	archiveVersion = 1;
	classes = {
	};
	objectVersion = 50;
	objects = {

/* Begin PBXBuildFile section */
		55422DA02313A2B600DBD291 /* Loader.swift in Sources */ = {isa = PBXBuildFile; fileRef = 55422D9F2313A2B600DBD291 /* Loader.swift */; };
		55775ED22310123A00E0C526 /* AppDelegate.swift in Sources */ = {isa = PBXBuildFile; fileRef = 55775ED12310123A00E0C526 /* AppDelegate.swift */; };
		55775ED92310123C00E0C526 /* Assets.xcassets in Resources */ = {isa = PBXBuildFile; fileRef = 55775ED82310123C00E0C526 /* Assets.xcassets */; };
		55775EDC2310123C00E0C526 /* LaunchScreen.storyboard in Resources */ = {isa = PBXBuildFile; fileRef = 55775EDA2310123C00E0C526 /* LaunchScreen.storyboard */; };
		55C583472310DC3D00A5146D /* HomeInteractor.swift in Sources */ = {isa = PBXBuildFile; fileRef = 55C583462310DC3D00A5146D /* HomeInteractor.swift */; };
		55C583492310DC5200A5146D /* HomePresenter.swift in Sources */ = {isa = PBXBuildFile; fileRef = 55C583482310DC5200A5146D /* HomePresenter.swift */; };
		55C5834B2310DC9A00A5146D /* HomeModel.swift in Sources */ = {isa = PBXBuildFile; fileRef = 55C5834A2310DC9A00A5146D /* HomeModel.swift */; };
		55C5834E2310DEAF00A5146D /* HomeVC.swift in Sources */ = {isa = PBXBuildFile; fileRef = 55C5834C2310DEAF00A5146D /* HomeVC.swift */; };
		55C5834F2310DEAF00A5146D /* HomeVC.xib in Resources */ = {isa = PBXBuildFile; fileRef = 55C5834D2310DEAF00A5146D /* HomeVC.xib */; };
		55C5835A2310E2AD00A5146D /* VarientsDataProvider.swift in Sources */ = {isa = PBXBuildFile; fileRef = 55C583542310E2AD00A5146D /* VarientsDataProvider.swift */; };
		55C5835C2310E2AD00A5146D /* DataProviderFactory.swift in Sources */ = {isa = PBXBuildFile; fileRef = 55C583562310E2AD00A5146D /* DataProviderFactory.swift */; };
		55C5835D2310E2AD00A5146D /* RemoteDataProvider.swift in Sources */ = {isa = PBXBuildFile; fileRef = 55C583582310E2AD00A5146D /* RemoteDataProvider.swift */; };
		55C583612310E42500A5146D /* Constants.swift in Sources */ = {isa = PBXBuildFile; fileRef = 55C583602310E42500A5146D /* Constants.swift */; };
		55C583642310EC9D00A5146D /* Extensions.swift in Sources */ = {isa = PBXBuildFile; fileRef = 55C583632310EC9D00A5146D /* Extensions.swift */; };
		55C5837523112BAD00A5146D /* VariantsCell.swift in Sources */ = {isa = PBXBuildFile; fileRef = 55C5837323112BAD00A5146D /* VariantsCell.swift */; };
		55C5837623112BAD00A5146D /* VariantsCell.xib in Resources */ = {isa = PBXBuildFile; fileRef = 55C5837423112BAD00A5146D /* VariantsCell.xib */; };
		55C583792311446700A5146D /* BaseNavigationController.swift in Sources */ = {isa = PBXBuildFile; fileRef = 55C583782311446700A5146D /* BaseNavigationController.swift */; };
		55D2C4112313C45D00CA136A /* SynupDemoTests.swift in Sources */ = {isa = PBXBuildFile; fileRef = 55D2C4102313C45D00CA136A /* SynupDemoTests.swift */; };
/* End PBXBuildFile section */

/* Begin PBXContainerItemProxy section */
		55D2C4132313C45D00CA136A /* PBXContainerItemProxy */ = {
			isa = PBXContainerItemProxy;
			containerPortal = 55775EC62310123A00E0C526 /* Project object */;
			proxyType = 1;
			remoteGlobalIDString = 55775ECD2310123A00E0C526;
			remoteInfo = SynupDemo;
		};
/* End PBXContainerItemProxy section */

/* Begin PBXFileReference section */
		55422D9F2313A2B600DBD291 /* Loader.swift */ = {isa = PBXFileReference; lastKnownFileType = sourcecode.swift; path = Loader.swift; sourceTree = "<group>"; };
		55775ECE2310123A00E0C526 /* SynupDemo.app */ = {isa = PBXFileReference; explicitFileType = wrapper.application; includeInIndex = 0; path = SynupDemo.app; sourceTree = BUILT_PRODUCTS_DIR; };
		55775ED12310123A00E0C526 /* AppDelegate.swift */ = {isa = PBXFileReference; lastKnownFileType = sourcecode.swift; path = AppDelegate.swift; sourceTree = "<group>"; };
		55775ED82310123C00E0C526 /* Assets.xcassets */ = {isa = PBXFileReference; lastKnownFileType = folder.assetcatalog; path = Assets.xcassets; sourceTree = "<group>"; };
		55775EDB2310123C00E0C526 /* Base */ = {isa = PBXFileReference; lastKnownFileType = file.storyboard; name = Base; path = Base.lproj/LaunchScreen.storyboard; sourceTree = "<group>"; };
		55775EDD2310123C00E0C526 /* Info.plist */ = {isa = PBXFileReference; lastKnownFileType = text.plist.xml; path = Info.plist; sourceTree = "<group>"; };
		55C583462310DC3D00A5146D /* HomeInteractor.swift */ = {isa = PBXFileReference; lastKnownFileType = sourcecode.swift; path = HomeInteractor.swift; sourceTree = "<group>"; };
		55C583482310DC5200A5146D /* HomePresenter.swift */ = {isa = PBXFileReference; lastKnownFileType = sourcecode.swift; path = HomePresenter.swift; sourceTree = "<group>"; };
		55C5834A2310DC9A00A5146D /* HomeModel.swift */ = {isa = PBXFileReference; lastKnownFileType = sourcecode.swift; path = HomeModel.swift; sourceTree = "<group>"; };
		55C5834C2310DEAF00A5146D /* HomeVC.swift */ = {isa = PBXFileReference; lastKnownFileType = sourcecode.swift; path = HomeVC.swift; sourceTree = "<group>"; };
		55C5834D2310DEAF00A5146D /* HomeVC.xib */ = {isa = PBXFileReference; lastKnownFileType = file.xib; path = HomeVC.xib; sourceTree = "<group>"; };
		55C583542310E2AD00A5146D /* VarientsDataProvider.swift */ = {isa = PBXFileReference; fileEncoding = 4; lastKnownFileType = sourcecode.swift; path = VarientsDataProvider.swift; sourceTree = "<group>"; };
		55C583562310E2AD00A5146D /* DataProviderFactory.swift */ = {isa = PBXFileReference; fileEncoding = 4; lastKnownFileType = sourcecode.swift; path = DataProviderFactory.swift; sourceTree = "<group>"; };
		55C583582310E2AD00A5146D /* RemoteDataProvider.swift */ = {isa = PBXFileReference; fileEncoding = 4; lastKnownFileType = sourcecode.swift; path = RemoteDataProvider.swift; sourceTree = "<group>"; };
		55C583602310E42500A5146D /* Constants.swift */ = {isa = PBXFileReference; lastKnownFileType = sourcecode.swift; path = Constants.swift; sourceTree = "<group>"; };
		55C583632310EC9D00A5146D /* Extensions.swift */ = {isa = PBXFileReference; lastKnownFileType = sourcecode.swift; path = Extensions.swift; sourceTree = "<group>"; };
		55C5837323112BAD00A5146D /* VariantsCell.swift */ = {isa = PBXFileReference; lastKnownFileType = sourcecode.swift; path = VariantsCell.swift; sourceTree = "<group>"; };
		55C5837423112BAD00A5146D /* VariantsCell.xib */ = {isa = PBXFileReference; lastKnownFileType = file.xib; path = VariantsCell.xib; sourceTree = "<group>"; };
		55C583782311446700A5146D /* BaseNavigationController.swift */ = {isa = PBXFileReference; lastKnownFileType = sourcecode.swift; path = BaseNavigationController.swift; sourceTree = "<group>"; };
		55D2C40E2313C45D00CA136A /* SynupDemoTests.xctest */ = {isa = PBXFileReference; explicitFileType = wrapper.cfbundle; includeInIndex = 0; path = SynupDemoTests.xctest; sourceTree = BUILT_PRODUCTS_DIR; };
		55D2C4102313C45D00CA136A /* SynupDemoTests.swift */ = {isa = PBXFileReference; lastKnownFileType = sourcecode.swift; path = SynupDemoTests.swift; sourceTree = "<group>"; };
		55D2C4122313C45D00CA136A /* Info.plist */ = {isa = PBXFileReference; lastKnownFileType = text.plist.xml; path = Info.plist; sourceTree = "<group>"; };
/* End PBXFileReference section */

/* Begin PBXFrameworksBuildPhase section */
		55775ECB2310123A00E0C526 /* Frameworks */ = {
			isa = PBXFrameworksBuildPhase;
			buildActionMask = 2147483647;
			files = (
			);
			runOnlyForDeploymentPostprocessing = 0;
		};
		55D2C40B2313C45D00CA136A /* Frameworks */ = {
			isa = PBXFrameworksBuildPhase;
			buildActionMask = 2147483647;
			files = (
			);
			runOnlyForDeploymentPostprocessing = 0;
		};
/* End PBXFrameworksBuildPhase section */

/* Begin PBXGroup section */
		55775EC52310123A00E0C526 = {
			isa = PBXGroup;
			children = (
				55775ED02310123A00E0C526 /* SynupDemo */,
				55D2C40F2313C45D00CA136A /* SynupDemoTests */,
				55775ECF2310123A00E0C526 /* Products */,
			);
			sourceTree = "<group>";
		};
		55775ECF2310123A00E0C526 /* Products */ = {
			isa = PBXGroup;
			children = (
				55775ECE2310123A00E0C526 /* SynupDemo.app */,
				55D2C40E2313C45D00CA136A /* SynupDemoTests.xctest */,
			);
			name = Products;
			sourceTree = "<group>";
		};
		55775ED02310123A00E0C526 /* SynupDemo */ = {
			isa = PBXGroup;
			children = (
				55C5835E2310E3FA00A5146D /* Global */,
				55C583502310E2AD00A5146D /* DataLayer */,
				55C583402310D89900A5146D /* Scenes */,
				55775ED12310123A00E0C526 /* AppDelegate.swift */,
				55775ED82310123C00E0C526 /* Assets.xcassets */,
				55775EDA2310123C00E0C526 /* LaunchScreen.storyboard */,
				55775EDD2310123C00E0C526 /* Info.plist */,
			);
			path = SynupDemo;
			sourceTree = "<group>";
		};
		55C583402310D89900A5146D /* Scenes */ = {
			isa = PBXGroup;
			children = (
				55C583772311444D00A5146D /* BaseScene */,
				55C583412310DBD500A5146D /* HomeScene */,
			);
			path = Scenes;
			sourceTree = "<group>";
		};
		55C583412310DBD500A5146D /* HomeScene */ = {
			isa = PBXGroup;
			children = (
				55C5834C2310DEAF00A5146D /* HomeVC.swift */,
				55C5834D2310DEAF00A5146D /* HomeVC.xib */,
				55C583462310DC3D00A5146D /* HomeInteractor.swift */,
				55C583482310DC5200A5146D /* HomePresenter.swift */,
				55C5834A2310DC9A00A5146D /* HomeModel.swift */,
			);
			path = HomeScene;
			sourceTree = "<group>";
		};
		55C583502310E2AD00A5146D /* DataLayer */ = {
			isa = PBXGroup;
			children = (
				55C583512310E2AD00A5146D /* DataProviders */,
			);
			path = DataLayer;
			sourceTree = "<group>";
		};
		55C583512310E2AD00A5146D /* DataProviders */ = {
			isa = PBXGroup;
			children = (
				55C583562310E2AD00A5146D /* DataProviderFactory.swift */,
				55C583542310E2AD00A5146D /* VarientsDataProvider.swift */,
				55C583572310E2AD00A5146D /* RemoteData */,
			);
			path = DataProviders;
			sourceTree = "<group>";
		};
		55C583572310E2AD00A5146D /* RemoteData */ = {
			isa = PBXGroup;
			children = (
				55C583582310E2AD00A5146D /* RemoteDataProvider.swift */,
			);
			path = RemoteData;
			sourceTree = "<group>";
		};
		55C5835E2310E3FA00A5146D /* Global */ = {
			isa = PBXGroup;
			children = (
				55C5837123112B6500A5146D /* Views */,
				55C583622310EC8800A5146D /* Utilities */,
				55C5835F2310E41000A5146D /* Constants */,
			);
			path = Global;
			sourceTree = "<group>";
		};
		55C5835F2310E41000A5146D /* Constants */ = {
			isa = PBXGroup;
			children = (
				55C583602310E42500A5146D /* Constants.swift */,
			);
			path = Constants;
			sourceTree = "<group>";
		};
		55C583622310EC8800A5146D /* Utilities */ = {
			isa = PBXGroup;
			children = (
				55C583632310EC9D00A5146D /* Extensions.swift */,
				55422D9F2313A2B600DBD291 /* Loader.swift */,
			);
			path = Utilities;
			sourceTree = "<group>";
		};
		55C5837123112B6500A5146D /* Views */ = {
			isa = PBXGroup;
			children = (
				55C5837223112B6F00A5146D /* Cells */,
			);
			path = Views;
			sourceTree = "<group>";
		};
		55C5837223112B6F00A5146D /* Cells */ = {
			isa = PBXGroup;
			children = (
				55C5837323112BAD00A5146D /* VariantsCell.swift */,
				55C5837423112BAD00A5146D /* VariantsCell.xib */,
			);
			path = Cells;
			sourceTree = "<group>";
		};
		55C583772311444D00A5146D /* BaseScene */ = {
			isa = PBXGroup;
			children = (
				55C583782311446700A5146D /* BaseNavigationController.swift */,
			);
			path = BaseScene;
			sourceTree = "<group>";
		};
		55D2C40F2313C45D00CA136A /* SynupDemoTests */ = {
			isa = PBXGroup;
			children = (
				55D2C4102313C45D00CA136A /* SynupDemoTests.swift */,
				55D2C4122313C45D00CA136A /* Info.plist */,
			);
			path = SynupDemoTests;
			sourceTree = "<group>";
		};
/* End PBXGroup section */

/* Begin PBXNativeTarget section */
		55775ECD2310123A00E0C526 /* SynupDemo */ = {
			isa = PBXNativeTarget;
			buildConfigurationList = 55775EE02310123C00E0C526 /* Build configuration list for PBXNativeTarget "SynupDemo" */;
			buildPhases = (
				55775ECA2310123A00E0C526 /* Sources */,
				55775ECB2310123A00E0C526 /* Frameworks */,
				55775ECC2310123A00E0C526 /* Resources */,
			);
			buildRules = (
			);
			dependencies = (
			);
			name = SynupDemo;
			productName = SynupDemo;
			productReference = 55775ECE2310123A00E0C526 /* SynupDemo.app */;
			productType = "com.apple.product-type.application";
		};
		55D2C40D2313C45D00CA136A /* SynupDemoTests */ = {
			isa = PBXNativeTarget;
			buildConfigurationList = 55D2C4152313C45D00CA136A /* Build configuration list for PBXNativeTarget "SynupDemoTests" */;
			buildPhases = (
				55D2C40A2313C45D00CA136A /* Sources */,
				55D2C40B2313C45D00CA136A /* Frameworks */,
				55D2C40C2313C45D00CA136A /* Resources */,
			);
			buildRules = (
			);
			dependencies = (
				55D2C4142313C45D00CA136A /* PBXTargetDependency */,
			);
			name = SynupDemoTests;
			productName = SynupDemoTests;
			productReference = 55D2C40E2313C45D00CA136A /* SynupDemoTests.xctest */;
			productType = "com.apple.product-type.bundle.unit-test";
		};
/* End PBXNativeTarget section */

/* Begin PBXProject section */
		55775EC62310123A00E0C526 /* Project object */ = {
			isa = PBXProject;
			attributes = {
				LastSwiftUpdateCheck = 1030;
				LastUpgradeCheck = 1030;
				ORGANIZATIONNAME = "Pankaj Verma";
				TargetAttributes = {
					55775ECD2310123A00E0C526 = {
						CreatedOnToolsVersion = 10.3;
					};
					55D2C40D2313C45D00CA136A = {
						CreatedOnToolsVersion = 10.3;
						TestTargetID = 55775ECD2310123A00E0C526;
					};
				};
			};
			buildConfigurationList = 55775EC92310123A00E0C526 /* Build configuration list for PBXProject "SynupDemo" */;
			compatibilityVersion = "Xcode 9.3";
			developmentRegion = en;
			hasScannedForEncodings = 0;
			knownRegions = (
				en,
				Base,
			);
			mainGroup = 55775EC52310123A00E0C526;
			productRefGroup = 55775ECF2310123A00E0C526 /* Products */;
			projectDirPath = "";
			projectRoot = "";
			targets = (
				55775ECD2310123A00E0C526 /* SynupDemo */,
				55D2C40D2313C45D00CA136A /* SynupDemoTests */,
			);
		};
/* End PBXProject section */

/* Begin PBXResourcesBuildPhase section */
		55775ECC2310123A00E0C526 /* Resources */ = {
			isa = PBXResourcesBuildPhase;
			buildActionMask = 2147483647;
			files = (
				55775EDC2310123C00E0C526 /* LaunchScreen.storyboard in Resources */,
				55C5834F2310DEAF00A5146D /* HomeVC.xib in Resources */,
				55775ED92310123C00E0C526 /* Assets.xcassets in Resources */,
				55C5837623112BAD00A5146D /* VariantsCell.xib in Resources */,
			);
			runOnlyForDeploymentPostprocessing = 0;
		};
		55D2C40C2313C45D00CA136A /* Resources */ = {
			isa = PBXResourcesBuildPhase;
			buildActionMask = 2147483647;
			files = (
			);
			runOnlyForDeploymentPostprocessing = 0;
		};
/* End PBXResourcesBuildPhase section */

/* Begin PBXSourcesBuildPhase section */
		55775ECA2310123A00E0C526 /* Sources */ = {
			isa = PBXSourcesBuildPhase;
			buildActionMask = 2147483647;
			files = (
				55C5837523112BAD00A5146D /* VariantsCell.swift in Sources */,
				55C5834B2310DC9A00A5146D /* HomeModel.swift in Sources */,
				55C5835A2310E2AD00A5146D /* VarientsDataProvider.swift in Sources */,
				55C5835D2310E2AD00A5146D /* RemoteDataProvider.swift in Sources */,
				55422DA02313A2B600DBD291 /* Loader.swift in Sources */,
				55C583492310DC5200A5146D /* HomePresenter.swift in Sources */,
				55C5835C2310E2AD00A5146D /* DataProviderFactory.swift in Sources */,
				55C583642310EC9D00A5146D /* Extensions.swift in Sources */,
				55C5834E2310DEAF00A5146D /* HomeVC.swift in Sources */,
				55C583792311446700A5146D /* BaseNavigationController.swift in Sources */,
				55C583472310DC3D00A5146D /* HomeInteractor.swift in Sources */,
				55775ED22310123A00E0C526 /* AppDelegate.swift in Sources */,
				55C583612310E42500A5146D /* Constants.swift in Sources */,
			);
			runOnlyForDeploymentPostprocessing = 0;
		};
		55D2C40A2313C45D00CA136A /* Sources */ = {
			isa = PBXSourcesBuildPhase;
			buildActionMask = 2147483647;
			files = (
				55D2C4112313C45D00CA136A /* SynupDemoTests.swift in Sources */,
			);
			runOnlyForDeploymentPostprocessing = 0;
		};
/* End PBXSourcesBuildPhase section */

/* Begin PBXTargetDependency section */
		55D2C4142313C45D00CA136A /* PBXTargetDependency */ = {
			isa = PBXTargetDependency;
			target = 55775ECD2310123A00E0C526 /* SynupDemo */;
			targetProxy = 55D2C4132313C45D00CA136A /* PBXContainerItemProxy */;
		};
/* End PBXTargetDependency section */

/* Begin PBXVariantGroup section */
		55775EDA2310123C00E0C526 /* LaunchScreen.storyboard */ = {
			isa = PBXVariantGroup;
			children = (
				55775EDB2310123C00E0C526 /* Base */,
			);
			name = LaunchScreen.storyboard;
			sourceTree = "<group>";
		};
/* End PBXVariantGroup section */

/* Begin XCBuildConfiguration section */
		55775EDE2310123C00E0C526 /* Debug */ = {
			isa = XCBuildConfiguration;
			buildSettings = {
				ALWAYS_SEARCH_USER_PATHS = NO;
				CLANG_ANALYZER_NONNULL = YES;
				CLANG_ANALYZER_NUMBER_OBJECT_CONVERSION = YES_AGGRESSIVE;
				CLANG_CXX_LANGUAGE_STANDARD = "gnu++14";
				CLANG_CXX_LIBRARY = "libc++";
				CLANG_ENABLE_MODULES = YES;
				CLANG_ENABLE_OBJC_ARC = YES;
				CLANG_ENABLE_OBJC_WEAK = YES;
				CLANG_WARN_BLOCK_CAPTURE_AUTORELEASING = YES;
				CLANG_WARN_BOOL_CONVERSION = YES;
				CLANG_WARN_COMMA = YES;
				CLANG_WARN_CONSTANT_CONVERSION = YES;
				CLANG_WARN_DEPRECATED_OBJC_IMPLEMENTATIONS = YES;
				CLANG_WARN_DIRECT_OBJC_ISA_USAGE = YES_ERROR;
				CLANG_WARN_DOCUMENTATION_COMMENTS = YES;
				CLANG_WARN_EMPTY_BODY = YES;
				CLANG_WARN_ENUM_CONVERSION = YES;
				CLANG_WARN_INFINITE_RECURSION = YES;
				CLANG_WARN_INT_CONVERSION = YES;
				CLANG_WARN_NON_LITERAL_NULL_CONVERSION = YES;
				CLANG_WARN_OBJC_IMPLICIT_RETAIN_SELF = YES;
				CLANG_WARN_OBJC_LITERAL_CONVERSION = YES;
				CLANG_WARN_OBJC_ROOT_CLASS = YES_ERROR;
				CLANG_WARN_RANGE_LOOP_ANALYSIS = YES;
				CLANG_WARN_STRICT_PROTOTYPES = YES;
				CLANG_WARN_SUSPICIOUS_MOVE = YES;
				CLANG_WARN_UNGUARDED_AVAILABILITY = YES_AGGRESSIVE;
				CLANG_WARN_UNREACHABLE_CODE = YES;
				CLANG_WARN__DUPLICATE_METHOD_MATCH = YES;
				CODE_SIGN_IDENTITY = "iPhone Developer";
				COPY_PHASE_STRIP = NO;
				DEBUG_INFORMATION_FORMAT = dwarf;
				ENABLE_STRICT_OBJC_MSGSEND = YES;
				ENABLE_TESTABILITY = YES;
				GCC_C_LANGUAGE_STANDARD = gnu11;
				GCC_DYNAMIC_NO_PIC = NO;
				GCC_NO_COMMON_BLOCKS = YES;
				GCC_OPTIMIZATION_LEVEL = 0;
				GCC_PREPROCESSOR_DEFINITIONS = (
					"DEBUG=1",
					"$(inherited)",
				);
				GCC_WARN_64_TO_32_BIT_CONVERSION = YES;
				GCC_WARN_ABOUT_RETURN_TYPE = YES_ERROR;
				GCC_WARN_UNDECLARED_SELECTOR = YES;
				GCC_WARN_UNINITIALIZED_AUTOS = YES_AGGRESSIVE;
				GCC_WARN_UNUSED_FUNCTION = YES;
				GCC_WARN_UNUSED_VARIABLE = YES;
				IPHONEOS_DEPLOYMENT_TARGET = 12.4;
				MTL_ENABLE_DEBUG_INFO = INCLUDE_SOURCE;
				MTL_FAST_MATH = YES;
				ONLY_ACTIVE_ARCH = YES;
				SDKROOT = iphoneos;
				SWIFT_ACTIVE_COMPILATION_CONDITIONS = DEBUG;
				SWIFT_OPTIMIZATION_LEVEL = "-Onone";
			};
			name = Debug;
		};
		55775EDF2310123C00E0C526 /* Release */ = {
			isa = XCBuildConfiguration;
			buildSettings = {
				ALWAYS_SEARCH_USER_PATHS = NO;
				CLANG_ANALYZER_NONNULL = YES;
				CLANG_ANALYZER_NUMBER_OBJECT_CONVERSION = YES_AGGRESSIVE;
				CLANG_CXX_LANGUAGE_STANDARD = "gnu++14";
				CLANG_CXX_LIBRARY = "libc++";
				CLANG_ENABLE_MODULES = YES;
				CLANG_ENABLE_OBJC_ARC = YES;
				CLANG_ENABLE_OBJC_WEAK = YES;
				CLANG_WARN_BLOCK_CAPTURE_AUTORELEASING = YES;
				CLANG_WARN_BOOL_CONVERSION = YES;
				CLANG_WARN_COMMA = YES;
				CLANG_WARN_CONSTANT_CONVERSION = YES;
				CLANG_WARN_DEPRECATED_OBJC_IMPLEMENTATIONS = YES;
				CLANG_WARN_DIRECT_OBJC_ISA_USAGE = YES_ERROR;
				CLANG_WARN_DOCUMENTATION_COMMENTS = YES;
				CLANG_WARN_EMPTY_BODY = YES;
				CLANG_WARN_ENUM_CONVERSION = YES;
				CLANG_WARN_INFINITE_RECURSION = YES;
				CLANG_WARN_INT_CONVERSION = YES;
				CLANG_WARN_NON_LITERAL_NULL_CONVERSION = YES;
				CLANG_WARN_OBJC_IMPLICIT_RETAIN_SELF = YES;
				CLANG_WARN_OBJC_LITERAL_CONVERSION = YES;
				CLANG_WARN_OBJC_ROOT_CLASS = YES_ERROR;
				CLANG_WARN_RANGE_LOOP_ANALYSIS = YES;
				CLANG_WARN_STRICT_PROTOTYPES = YES;
				CLANG_WARN_SUSPICIOUS_MOVE = YES;
				CLANG_WARN_UNGUARDED_AVAILABILITY = YES_AGGRESSIVE;
				CLANG_WARN_UNREACHABLE_CODE = YES;
				CLANG_WARN__DUPLICATE_METHOD_MATCH = YES;
				CODE_SIGN_IDENTITY = "iPhone Developer";
				COPY_PHASE_STRIP = NO;
				DEBUG_INFORMATION_FORMAT = "dwarf-with-dsym";
				ENABLE_NS_ASSERTIONS = NO;
				ENABLE_STRICT_OBJC_MSGSEND = YES;
				GCC_C_LANGUAGE_STANDARD = gnu11;
				GCC_NO_COMMON_BLOCKS = YES;
				GCC_WARN_64_TO_32_BIT_CONVERSION = YES;
				GCC_WARN_ABOUT_RETURN_TYPE = YES_ERROR;
				GCC_WARN_UNDECLARED_SELECTOR = YES;
				GCC_WARN_UNINITIALIZED_AUTOS = YES_AGGRESSIVE;
				GCC_WARN_UNUSED_FUNCTION = YES;
				GCC_WARN_UNUSED_VARIABLE = YES;
				IPHONEOS_DEPLOYMENT_TARGET = 12.4;
				MTL_ENABLE_DEBUG_INFO = NO;
				MTL_FAST_MATH = YES;
				SDKROOT = iphoneos;
				SWIFT_COMPILATION_MODE = wholemodule;
				SWIFT_OPTIMIZATION_LEVEL = "-O";
				VALIDATE_PRODUCT = YES;
			};
			name = Release;
		};
		55775EE12310123C00E0C526 /* Debug */ = {
			isa = XCBuildConfiguration;
			buildSettings = {
				ASSETCATALOG_COMPILER_APPICON_NAME = AppIcon;
				CODE_SIGN_STYLE = Automatic;
				DEVELOPMENT_TEAM = BB96PCA2FW;
				INFOPLIST_FILE = SynupDemo/Info.plist;
				LD_RUNPATH_SEARCH_PATHS = (
					"$(inherited)",
					"@executable_path/Frameworks",
				);
				PRODUCT_BUNDLE_IDENTIFIER = com.pankaj.SynupDemo;
				PRODUCT_NAME = "$(TARGET_NAME)";
				SWIFT_VERSION = 5.0;
				TARGETED_DEVICE_FAMILY = "1,2";
			};
			name = Debug;
		};
		55775EE22310123C00E0C526 /* Release */ = {
			isa = XCBuildConfiguration;
			buildSettings = {
				ASSETCATALOG_COMPILER_APPICON_NAME = AppIcon;
				CODE_SIGN_STYLE = Automatic;
				DEVELOPMENT_TEAM = BB96PCA2FW;
				INFOPLIST_FILE = SynupDemo/Info.plist;
				LD_RUNPATH_SEARCH_PATHS = (
					"$(inherited)",
					"@executable_path/Frameworks",
				);
				PRODUCT_BUNDLE_IDENTIFIER = com.pankaj.SynupDemo;
				PRODUCT_NAME = "$(TARGET_NAME)";
				SWIFT_VERSION = 5.0;
				TARGETED_DEVICE_FAMILY = "1,2";
			};
			name = Release;
		};
		55D2C4162313C45D00CA136A /* Debug */ = {
			isa = XCBuildConfiguration;
			buildSettings = {
				BUNDLE_LOADER = "$(TEST_HOST)";
				CODE_SIGN_STYLE = Automatic;
				DEVELOPMENT_TEAM = BB96PCA2FW;
				INFOPLIST_FILE = SynupDemoTests/Info.plist;
				LD_RUNPATH_SEARCH_PATHS = (
					"$(inherited)",
					"@executable_path/Frameworks",
					"@loader_path/Frameworks",
				);
				PRODUCT_BUNDLE_IDENTIFIER = com.pankaj.SynupDemoTests;
				PRODUCT_NAME = "$(TARGET_NAME)";
				SWIFT_VERSION = 5.0;
				TARGETED_DEVICE_FAMILY = "1,2";
				TEST_HOST = "$(BUILT_PRODUCTS_DIR)/SynupDemo.app/SynupDemo";
			};
			name = Debug;
		};
		55D2C4172313C45D00CA136A /* Release */ = {
			isa = XCBuildConfiguration;
			buildSettings = {
				BUNDLE_LOADER = "$(TEST_HOST)";
				CODE_SIGN_STYLE = Automatic;
				DEVELOPMENT_TEAM = BB96PCA2FW;
				INFOPLIST_FILE = SynupDemoTests/Info.plist;
				LD_RUNPATH_SEARCH_PATHS = (
					"$(inherited)",
					"@executable_path/Frameworks",
					"@loader_path/Frameworks",
				);
				PRODUCT_BUNDLE_IDENTIFIER = com.pankaj.SynupDemoTests;
				PRODUCT_NAME = "$(TARGET_NAME)";
				SWIFT_VERSION = 5.0;
				TARGETED_DEVICE_FAMILY = "1,2";
				TEST_HOST = "$(BUILT_PRODUCTS_DIR)/SynupDemo.app/SynupDemo";
			};
			name = Release;
		};
/* End XCBuildConfiguration section */

/* Begin XCConfigurationList section */
		55775EC92310123A00E0C526 /* Build configuration list for PBXProject "SynupDemo" */ = {
			isa = XCConfigurationList;
			buildConfigurations = (
				55775EDE2310123C00E0C526 /* Debug */,
				55775EDF2310123C00E0C526 /* Release */,
			);
			defaultConfigurationIsVisible = 0;
			defaultConfigurationName = Release;
		};
		55775EE02310123C00E0C526 /* Build configuration list for PBXNativeTarget "SynupDemo" */ = {
			isa = XCConfigurationList;
			buildConfigurations = (
				55775EE12310123C00E0C526 /* Debug */,
				55775EE22310123C00E0C526 /* Release */,
			);
			defaultConfigurationIsVisible = 0;
			defaultConfigurationName = Release;
		};
		55D2C4152313C45D00CA136A /* Build configuration list for PBXNativeTarget "SynupDemoTests" */ = {
			isa = XCConfigurationList;
			buildConfigurations = (
				55D2C4162313C45D00CA136A /* Debug */,
				55D2C4172313C45D00CA136A /* Release */,
			);
			defaultConfigurationIsVisible = 0;
			defaultConfigurationName = Release;
		};
/* End XCConfigurationList section */
	};
	rootObject = 55775EC62310123A00E0C526 /* Project object */;
}
